
Microsoft Visual Studio Solution File, Format Version 12.00
# Visual Studio Version 16
VisualStudioVersion = 16.0.29503.13
MinimumVisualStudioVersion = 10.0.40219.1
Project("{FAE04EC0-301F-11D3-BF4B-00C04F79EFBC}") = "编译原理3", "编译原理3.csproj", "{7ABE738F-BB34-43EA-86CC-09ACCEAA90A0}"
EndProject
Global
	GlobalSection(SolutionConfigurationPlatforms) = preSolution
		Debug|Any CPU = Debug|Any CPU
		Release|Any CPU = Release|Any CPU
	EndGlobalSection
	GlobalSection(ProjectConfigurationPlatforms) = postSolution
		{7ABE738F-BB34-43EA-86CC-09ACCEAA90A0}.Debug|Any CPU.ActiveCfg = Debug|Any CPU
		{7ABE738F-BB34-43EA-86CC-09ACCEAA90A0}.Debug|Any CPU.Build.0 = Debug|Any CPU
		{7ABE738F-BB34-43EA-86CC-09ACCEAA90A0}.Release|Any CPU.ActiveCfg = Release|Any CPU
		{7ABE738F-BB34-43EA-86CC-09ACCEAA90A0}.Release|Any CPU.Build.0 = Release|Any CPU
	EndGlobalSection
	GlobalSection(SolutionProperties) = preSolution
		HideSolutionNode = FALSE
	EndGlobalSection
	GlobalSection(ExtensibilityGlobals) = postSolution
		SolutionGuid = {394D1021-89E9-43F1-A79B-8B89234F7289}
	EndGlobalSection
EndGlobal
